
Microsoft Visual Studio Solution File, Format Version 12.00
# Visual Studio Version 17
VisualStudioVersion = 17.9.34616.47
MinimumVisualStudioVersion = 10.0.40219.1
Project("{FAE04EC0-301F-11D3-BF4B-00C04F79EFBC}") = "FinancialDataServices", "FinancialDataServices\FinancialDataServices.csproj", "{D828C1B6-B488-4C78-8914-000CD78B5878}"
EndProject
Global
	GlobalSection(SolutionConfigurationPlatforms) = preSolution
		Debug|Any CPU = Debug|Any CPU
		Release|Any CPU = Release|Any CPU
	EndGlobalSection
	GlobalSection(ProjectConfigurationPlatforms) = postSolution
		{D828C1B6-B488-4C78-8914-000CD78B5878}.Debug|Any CPU.ActiveCfg = Debug|Any CPU
		{D828C1B6-B488-4C78-8914-000CD78B5878}.Debug|Any CPU.Build.0 = Debug|Any CPU
		{D828C1B6-B488-4C78-8914-000CD78B5878}.Release|Any CPU.ActiveCfg = Release|Any CPU
		{D828C1B6-B488-4C78-8914-000CD78B5878}.Release|Any CPU.Build.0 = Release|Any CPU
	EndGlobalSection
	GlobalSection(SolutionProperties) = preSolution
		HideSolutionNode = FALSE
	EndGlobalSection
	GlobalSection(ExtensibilityGlobals) = postSolution
		SolutionGuid = {92F5580D-DF0F-4C24-9BE9-7C82BD199895}
	EndGlobalSection
EndGlobal
